
Microsoft Visual Studio Solution File, Format Version 12.00
# Visual Studio Version 17
VisualStudioVersion = 17.8.34330.188
MinimumVisualStudioVersion = 10.0.40219.1
Project("{8BC9CEB8-8B4A-11D0-8D11-00A0C91BC942}") = "ConsoleApplication1", "ConsoleApplication1.vcxproj", "{17C29A74-849E-498F-A79B-7386412BC212}"
EndProject
Global
	GlobalSection(SolutionConfigurationPlatforms) = preSolution
		Debug|x64 = Debug|x64
		Debug|x86 = Debug|x86
		Release|x64 = Release|x64
		Release|x86 = Release|x86
	EndGlobalSection
	GlobalSection(ProjectConfigurationPlatforms) = postSolution
		{17C29A74-849E-498F-A79B-7386412BC212}.Debug|x64.ActiveCfg = Debug|x64
		{17C29A74-849E-498F-A79B-7386412BC212}.Debug|x64.Build.0 = Debug|x64
		{17C29A74-849E-498F-A79B-7386412BC212}.Debug|x86.ActiveCfg = Debug|Win32
		{17C29A74-849E-498F-A79B-7386412BC212}.Debug|x86.Build.0 = Debug|Win32
		{17C29A74-849E-498F-A79B-7386412BC212}.Release|x64.ActiveCfg = Release|x64
		{17C29A74-849E-498F-A79B-7386412BC212}.Release|x64.Build.0 = Release|x64
		{17C29A74-849E-498F-A79B-7386412BC212}.Release|x86.ActiveCfg = Release|Win32
		{17C29A74-849E-498F-A79B-7386412BC212}.Release|x86.Build.0 = Release|Win32
	EndGlobalSection
	GlobalSection(SolutionProperties) = preSolution
		HideSolutionNode = FALSE
	EndGlobalSection
	GlobalSection(ExtensibilityGlobals) = postSolution
		SolutionGuid = {25FBF8D9-ACE8-4E05-A90D-0DFBDD87377A}
	EndGlobalSection
EndGlobal
